// !$*UTF8*$!
{
	archiveVersion = 1;
	classes = {
	};
	objectVersion = 52;
	objects = {

/* Begin PBXBuildFile section */
		4E09ABE3240D7FA70028229C /* AppDelegate.swift in Sources */ = {isa = PBXBuildFile; fileRef = 4E09ABE2240D7FA70028229C /* AppDelegate.swift */; };
		4E09ABE7240D7FA70028229C /* LoginAuthViewController.swift in Sources */ = {isa = PBXBuildFile; fileRef = 4E09ABE6240D7FA70028229C /* LoginAuthViewController.swift */; };
		4E09ABEA240D7FA70028229C /* LoginAuth.storyboard in Resources */ = {isa = PBXBuildFile; fileRef = 4E09ABE8240D7FA70028229C /* LoginAuth.storyboard */; };
		4E09ABED240D7FA70028229C /* Gittker.xcdatamodeld in Sources */ = {isa = PBXBuildFile; fileRef = 4E09ABEB240D7FA70028229C /* Gittker.xcdatamodeld */; };
		4E09ABEF240D7FA90028229C /* Assets.xcassets in Resources */ = {isa = PBXBuildFile; fileRef = 4E09ABEE240D7FA90028229C /* Assets.xcassets */; };
		4E09ABF2240D7FA90028229C /* LaunchScreen.storyboard in Resources */ = {isa = PBXBuildFile; fileRef = 4E09ABF0240D7FA90028229C /* LaunchScreen.storyboard */; };
		4E09ABFD240D7FA90028229C /* GittkerTests.swift in Sources */ = {isa = PBXBuildFile; fileRef = 4E09ABFC240D7FA90028229C /* GittkerTests.swift */; };
		4E09AC08240D7FA90028229C /* GittkerUITests.swift in Sources */ = {isa = PBXBuildFile; fileRef = 4E09AC07240D7FA90028229C /* GittkerUITests.swift */; };
		4E09AC18240D81270028229C /* AppCoordinator.swift in Sources */ = {isa = PBXBuildFile; fileRef = 4E09AC17240D81270028229C /* AppCoordinator.swift */; };
		4E09AC1B240D81800028229C /* DynamicValue.swift in Sources */ = {isa = PBXBuildFile; fileRef = 4E09AC1A240D81800028229C /* DynamicValue.swift */; };
		4E09AC1D240D81920028229C /* Coordinator.swift in Sources */ = {isa = PBXBuildFile; fileRef = 4E09AC1C240D81920028229C /* Coordinator.swift */; };
		4E09AC23240D82B30028229C /* Storyboarded.swift in Sources */ = {isa = PBXBuildFile; fileRef = 4E09AC22240D82B30028229C /* Storyboarded.swift */; };
		4E09AC27240D837D0028229C /* LoginAuthCoordinator.swift in Sources */ = {isa = PBXBuildFile; fileRef = 4E09AC26240D837D0028229C /* LoginAuthCoordinator.swift */; };
		4E09AC2B240D8B240028229C /* RoundButton.swift in Sources */ = {isa = PBXBuildFile; fileRef = 4E09AC2A240D8B240028229C /* RoundButton.swift */; };
		4E09AC2E240D8CDE0028229C /* LoginWebViewController.swift in Sources */ = {isa = PBXBuildFile; fileRef = 4E09AC2D240D8CDE0028229C /* LoginWebViewController.swift */; };
		4E09AC31240D906F0028229C /* ClearCookies.swift in Sources */ = {isa = PBXBuildFile; fileRef = 4E09AC30240D906F0028229C /* ClearCookies.swift */; };
		4E09AC40240E9B8C0028229C /* GitterSecrets-Dev.plist in Resources */ = {isa = PBXBuildFile; fileRef = 4E09AC3F240E9B8C0028229C /* GitterSecrets-Dev.plist */; };
		4E09AC44240E9C050028229C /* AppSettingsSecret.swift in Sources */ = {isa = PBXBuildFile; fileRef = 4E09AC43240E9C050028229C /* AppSettingsSecret.swift */; };
		4E09AC47240EA3560028229C /* GitterApi.swift in Sources */ = {isa = PBXBuildFile; fileRef = 4E09AC46240EA3560028229C /* GitterApi.swift */; };
		4E09AC4C240EA68D0028229C /* NetModels.swift in Sources */ = {isa = PBXBuildFile; fileRef = 4E09AC4B240EA68D0028229C /* NetModels.swift */; };
		4E09AC4E240EAADB0028229C /* HttpClient.swift in Sources */ = {isa = PBXBuildFile; fileRef = 4E09AC4D240EAADB0028229C /* HttpClient.swift */; };
		4E09AC58240EE5E60028229C /* MainTabBarController.swift in Sources */ = {isa = PBXBuildFile; fileRef = 4E09AC57240EE5E60028229C /* MainTabBarController.swift */; };
		4E09AC5A240EE5FE0028229C /* MainTabBarCoordinator.swift in Sources */ = {isa = PBXBuildFile; fileRef = 4E09AC59240EE5FE0028229C /* MainTabBarCoordinator.swift */; };
		4E09AC5C240EE6660028229C /* HomeViewController.swift in Sources */ = {isa = PBXBuildFile; fileRef = 4E09AC5B240EE6660028229C /* HomeViewController.swift */; };
		4E09AC5E240EE66F0028229C /* HomeCoordinator.swift in Sources */ = {isa = PBXBuildFile; fileRef = 4E09AC5D240EE66F0028229C /* HomeCoordinator.swift */; };
		4E09AC60240EE6760028229C /* Home.storyboard in Resources */ = {isa = PBXBuildFile; fileRef = 4E09AC5F240EE6760028229C /* Home.storyboard */; };
		4E09AC62240EE6820028229C /* SearchViewController.swift in Sources */ = {isa = PBXBuildFile; fileRef = 4E09AC61240EE6820028229C /* SearchViewController.swift */; };
		4E09AC64240EE68F0028229C /* SearchCoordinator.swift in Sources */ = {isa = PBXBuildFile; fileRef = 4E09AC63240EE68F0028229C /* SearchCoordinator.swift */; };
		4E09AC66240EE6950028229C /* Search.storyboard in Resources */ = {isa = PBXBuildFile; fileRef = 4E09AC65240EE6950028229C /* Search.storyboard */; };
		4E09AC68240EE69D0028229C /* PeopleViewController.swift in Sources */ = {isa = PBXBuildFile; fileRef = 4E09AC67240EE69D0028229C /* PeopleViewController.swift */; };
		4E09AC6A240EE6AA0028229C /* PeopleCoordinator.swift in Sources */ = {isa = PBXBuildFile; fileRef = 4E09AC69240EE6AA0028229C /* PeopleCoordinator.swift */; };
		4E09AC6C240EE6AF0028229C /* People.storyboard in Resources */ = {isa = PBXBuildFile; fileRef = 4E09AC6B240EE6AF0028229C /* People.storyboard */; };
		4E09AC6E240EE6C60028229C /* CommunitiesViewController.swift in Sources */ = {isa = PBXBuildFile; fileRef = 4E09AC6D240EE6C60028229C /* CommunitiesViewController.swift */; };
		4E09AC70240EE6D10028229C /* CommunitiesCoordinator.swift in Sources */ = {isa = PBXBuildFile; fileRef = 4E09AC6F240EE6D10028229C /* CommunitiesCoordinator.swift */; };
		4E09AC72240EE6DD0028229C /* Communities.storyboard in Resources */ = {isa = PBXBuildFile; fileRef = 4E09AC71240EE6DD0028229C /* Communities.storyboard */; };
		4E09AC75240FFF9D0028229C /* LoginAuthViewModel.swift in Sources */ = {isa = PBXBuildFile; fileRef = 4E09AC74240FFF9D0028229C /* LoginAuthViewModel.swift */; };
		4E2A7A0D241153C70025F39C /* RoomsLogic.swift in Sources */ = {isa = PBXBuildFile; fileRef = 4E2A7A0C241153C70025F39C /* RoomsLogic.swift */; };
		4E2A7A1224116A6F0025F39C /* HomeViewModel.swift in Sources */ = {isa = PBXBuildFile; fileRef = 4E2A7A1124116A6F0025F39C /* HomeViewModel.swift */; };
		4E2A7A1524116B620025F39C /* KeychainSwift in Frameworks */ = {isa = PBXBuildFile; productRef = 4E2A7A1424116B620025F39C /* KeychainSwift */; };
		4E2A7A1924116C960025F39C /* LoginData.swift in Sources */ = {isa = PBXBuildFile; fileRef = 4E2A7A1824116C960025F39C /* LoginData.swift */; };
		4E2A7A1B2411792C0025F39C /* KeychainSwiftWrapper.swift in Sources */ = {isa = PBXBuildFile; fileRef = 4E2A7A1A2411792C0025F39C /* KeychainSwiftWrapper.swift */; };
		4E2A7A1F24154D8D0025F39C /* TitleSubtitleTableViewCell.swift in Sources */ = {isa = PBXBuildFile; fileRef = 4E2A7A1D24154D8D0025F39C /* TitleSubtitleTableViewCell.swift */; };
		4E2A7A2024154D8D0025F39C /* TitleSubtitleTableViewCell.xib in Resources */ = {isa = PBXBuildFile; fileRef = 4E2A7A1E24154D8D0025F39C /* TitleSubtitleTableViewCell.xib */; };
		4E2A7A2324154E7E0025F39C /* UITableView+Ext.swift in Sources */ = {isa = PBXBuildFile; fileRef = 4E2A7A2224154E7E0025F39C /* UITableView+Ext.swift */; };
		4E2A7A2524154EDF0025F39C /* Config.swift in Sources */ = {isa = PBXBuildFile; fileRef = 4E2A7A2424154EDF0025F39C /* Config.swift */; };
		4E2A7A302416B23C0025F39C /* Nuke in Frameworks */ = {isa = PBXBuildFile; productRef = 4E2A7A2F2416B23C0025F39C /* Nuke */; };
/* End PBXBuildFile section */

/* Begin PBXContainerItemProxy section */
		4E09ABF9240D7FA90028229C /* PBXContainerItemProxy */ = {
			isa = PBXContainerItemProxy;
			containerPortal = 4E09ABD7240D7FA70028229C /* Project object */;
			proxyType = 1;
			remoteGlobalIDString = 4E09ABDE240D7FA70028229C;
			remoteInfo = Gittker;
		};
		4E09AC04240D7FA90028229C /* PBXContainerItemProxy */ = {
			isa = PBXContainerItemProxy;
			containerPortal = 4E09ABD7240D7FA70028229C /* Project object */;
			proxyType = 1;
			remoteGlobalIDString = 4E09ABDE240D7FA70028229C;
			remoteInfo = Gittker;
		};
/* End PBXContainerItemProxy section */

/* Begin PBXFileReference section */
		4E09ABDF240D7FA70028229C /* Gittker.app */ = {isa = PBXFileReference; explicitFileType = wrapper.application; includeInIndex = 0; path = Gittker.app; sourceTree = BUILT_PRODUCTS_DIR; };
		4E09ABE2240D7FA70028229C /* AppDelegate.swift */ = {isa = PBXFileReference; lastKnownFileType = sourcecode.swift; path = AppDelegate.swift; sourceTree = "<group>"; };
		4E09ABE6240D7FA70028229C /* LoginAuthViewController.swift */ = {isa = PBXFileReference; lastKnownFileType = sourcecode.swift; path = LoginAuthViewController.swift; sourceTree = "<group>"; };
		4E09ABE9240D7FA70028229C /* Base */ = {isa = PBXFileReference; lastKnownFileType = file.storyboard; name = Base; path = Base.lproj/LoginAuth.storyboard; sourceTree = "<group>"; };
		4E09ABEC240D7FA70028229C /* Gittker.xcdatamodel */ = {isa = PBXFileReference; lastKnownFileType = wrapper.xcdatamodel; path = Gittker.xcdatamodel; sourceTree = "<group>"; };
		4E09ABEE240D7FA90028229C /* Assets.xcassets */ = {isa = PBXFileReference; lastKnownFileType = folder.assetcatalog; path = Assets.xcassets; sourceTree = "<group>"; };
		4E09ABF1240D7FA90028229C /* Base */ = {isa = PBXFileReference; lastKnownFileType = file.storyboard; name = Base; path = Base.lproj/LaunchScreen.storyboard; sourceTree = "<group>"; };
		4E09ABF3240D7FA90028229C /* Info.plist */ = {isa = PBXFileReference; lastKnownFileType = text.plist.xml; path = Info.plist; sourceTree = "<group>"; };
		4E09ABF8240D7FA90028229C /* GittkerTests.xctest */ = {isa = PBXFileReference; explicitFileType = wrapper.cfbundle; includeInIndex = 0; path = GittkerTests.xctest; sourceTree = BUILT_PRODUCTS_DIR; };
		4E09ABFC240D7FA90028229C /* GittkerTests.swift */ = {isa = PBXFileReference; lastKnownFileType = sourcecode.swift; path = GittkerTests.swift; sourceTree = "<group>"; };
		4E09ABFE240D7FA90028229C /* Info.plist */ = {isa = PBXFileReference; lastKnownFileType = text.plist.xml; path = Info.plist; sourceTree = "<group>"; };
		4E09AC03240D7FA90028229C /* GittkerUITests.xctest */ = {isa = PBXFileReference; explicitFileType = wrapper.cfbundle; includeInIndex = 0; path = GittkerUITests.xctest; sourceTree = BUILT_PRODUCTS_DIR; };
		4E09AC07240D7FA90028229C /* GittkerUITests.swift */ = {isa = PBXFileReference; lastKnownFileType = sourcecode.swift; path = GittkerUITests.swift; sourceTree = "<group>"; };
		4E09AC09240D7FA90028229C /* Info.plist */ = {isa = PBXFileReference; lastKnownFileType = text.plist.xml; path = Info.plist; sourceTree = "<group>"; };
		4E09AC17240D81270028229C /* AppCoordinator.swift */ = {isa = PBXFileReference; lastKnownFileType = sourcecode.swift; path = AppCoordinator.swift; sourceTree = "<group>"; };
		4E09AC1A240D81800028229C /* DynamicValue.swift */ = {isa = PBXFileReference; lastKnownFileType = sourcecode.swift; path = DynamicValue.swift; sourceTree = "<group>"; };
		4E09AC1C240D81920028229C /* Coordinator.swift */ = {isa = PBXFileReference; lastKnownFileType = sourcecode.swift; path = Coordinator.swift; sourceTree = "<group>"; };
		4E09AC22240D82B30028229C /* Storyboarded.swift */ = {isa = PBXFileReference; lastKnownFileType = sourcecode.swift; path = Storyboarded.swift; sourceTree = "<group>"; };
		4E09AC26240D837D0028229C /* LoginAuthCoordinator.swift */ = {isa = PBXFileReference; lastKnownFileType = sourcecode.swift; path = LoginAuthCoordinator.swift; sourceTree = "<group>"; };
		4E09AC2A240D8B240028229C /* RoundButton.swift */ = {isa = PBXFileReference; lastKnownFileType = sourcecode.swift; path = RoundButton.swift; sourceTree = "<group>"; };
		4E09AC2D240D8CDE0028229C /* LoginWebViewController.swift */ = {isa = PBXFileReference; lastKnownFileType = sourcecode.swift; path = LoginWebViewController.swift; sourceTree = "<group>"; };
		4E09AC30240D906F0028229C /* ClearCookies.swift */ = {isa = PBXFileReference; lastKnownFileType = sourcecode.swift; path = ClearCookies.swift; sourceTree = "<group>"; };
		4E09AC3F240E9B8C0028229C /* GitterSecrets-Dev.plist */ = {isa = PBXFileReference; fileEncoding = 4; lastKnownFileType = text.plist.xml; path = "GitterSecrets-Dev.plist"; sourceTree = "<group>"; };
		4E09AC43240E9C050028229C /* AppSettingsSecret.swift */ = {isa = PBXFileReference; lastKnownFileType = sourcecode.swift; path = AppSettingsSecret.swift; sourceTree = "<group>"; };
		4E09AC46240EA3560028229C /* GitterApi.swift */ = {isa = PBXFileReference; lastKnownFileType = sourcecode.swift; path = GitterApi.swift; sourceTree = "<group>"; };
		4E09AC4B240EA68D0028229C /* NetModels.swift */ = {isa = PBXFileReference; lastKnownFileType = sourcecode.swift; path = NetModels.swift; sourceTree = "<group>"; };
		4E09AC4D240EAADB0028229C /* HttpClient.swift */ = {isa = PBXFileReference; lastKnownFileType = sourcecode.swift; path = HttpClient.swift; sourceTree = "<group>"; };
		4E09AC4F240EB5100028229C /* Gittker.entitlements */ = {isa = PBXFileReference; lastKnownFileType = text.plist.entitlements; path = Gittker.entitlements; sourceTree = "<group>"; };
		4E09AC57240EE5E60028229C /* MainTabBarController.swift */ = {isa = PBXFileReference; lastKnownFileType = sourcecode.swift; path = MainTabBarController.swift; sourceTree = "<group>"; };
		4E09AC59240EE5FE0028229C /* MainTabBarCoordinator.swift */ = {isa = PBXFileReference; lastKnownFileType = sourcecode.swift; path = MainTabBarCoordinator.swift; sourceTree = "<group>"; };
		4E09AC5B240EE6660028229C /* HomeViewController.swift */ = {isa = PBXFileReference; lastKnownFileType = sourcecode.swift; path = HomeViewController.swift; sourceTree = "<group>"; };
		4E09AC5D240EE66F0028229C /* HomeCoordinator.swift */ = {isa = PBXFileReference; lastKnownFileType = sourcecode.swift; path = HomeCoordinator.swift; sourceTree = "<group>"; };
		4E09AC5F240EE6760028229C /* Home.storyboard */ = {isa = PBXFileReference; lastKnownFileType = file.storyboard; path = Home.storyboard; sourceTree = "<group>"; };
		4E09AC61240EE6820028229C /* SearchViewController.swift */ = {isa = PBXFileReference; lastKnownFileType = sourcecode.swift; path = SearchViewController.swift; sourceTree = "<group>"; };
		4E09AC63240EE68F0028229C /* SearchCoordinator.swift */ = {isa = PBXFileReference; lastKnownFileType = sourcecode.swift; path = SearchCoordinator.swift; sourceTree = "<group>"; };
		4E09AC65240EE6950028229C /* Search.storyboard */ = {isa = PBXFileReference; lastKnownFileType = file.storyboard; path = Search.storyboard; sourceTree = "<group>"; };
		4E09AC67240EE69D0028229C /* PeopleViewController.swift */ = {isa = PBXFileReference; lastKnownFileType = sourcecode.swift; path = PeopleViewController.swift; sourceTree = "<group>"; };
		4E09AC69240EE6AA0028229C /* PeopleCoordinator.swift */ = {isa = PBXFileReference; lastKnownFileType = sourcecode.swift; path = PeopleCoordinator.swift; sourceTree = "<group>"; };
		4E09AC6B240EE6AF0028229C /* People.storyboard */ = {isa = PBXFileReference; lastKnownFileType = file.storyboard; path = People.storyboard; sourceTree = "<group>"; };
		4E09AC6D240EE6C60028229C /* CommunitiesViewController.swift */ = {isa = PBXFileReference; lastKnownFileType = sourcecode.swift; path = CommunitiesViewController.swift; sourceTree = "<group>"; };
		4E09AC6F240EE6D10028229C /* CommunitiesCoordinator.swift */ = {isa = PBXFileReference; lastKnownFileType = sourcecode.swift; path = CommunitiesCoordinator.swift; sourceTree = "<group>"; };
		4E09AC71240EE6DD0028229C /* Communities.storyboard */ = {isa = PBXFileReference; lastKnownFileType = file.storyboard; path = Communities.storyboard; sourceTree = "<group>"; };
		4E09AC74240FFF9D0028229C /* LoginAuthViewModel.swift */ = {isa = PBXFileReference; lastKnownFileType = sourcecode.swift; path = LoginAuthViewModel.swift; sourceTree = "<group>"; };
		4E2A7A0C241153C70025F39C /* RoomsLogic.swift */ = {isa = PBXFileReference; lastKnownFileType = sourcecode.swift; path = RoomsLogic.swift; sourceTree = "<group>"; };
		4E2A7A1124116A6F0025F39C /* HomeViewModel.swift */ = {isa = PBXFileReference; lastKnownFileType = sourcecode.swift; path = HomeViewModel.swift; sourceTree = "<group>"; };
		4E2A7A1824116C960025F39C /* LoginData.swift */ = {isa = PBXFileReference; lastKnownFileType = sourcecode.swift; path = LoginData.swift; sourceTree = "<group>"; };
		4E2A7A1A2411792C0025F39C /* KeychainSwiftWrapper.swift */ = {isa = PBXFileReference; lastKnownFileType = sourcecode.swift; path = KeychainSwiftWrapper.swift; sourceTree = "<group>"; };
		4E2A7A1D24154D8D0025F39C /* TitleSubtitleTableViewCell.swift */ = {isa = PBXFileReference; lastKnownFileType = sourcecode.swift; path = TitleSubtitleTableViewCell.swift; sourceTree = "<group>"; };
		4E2A7A1E24154D8D0025F39C /* TitleSubtitleTableViewCell.xib */ = {isa = PBXFileReference; lastKnownFileType = file.xib; path = TitleSubtitleTableViewCell.xib; sourceTree = "<group>"; };
		4E2A7A2224154E7E0025F39C /* UITableView+Ext.swift */ = {isa = PBXFileReference; lastKnownFileType = sourcecode.swift; path = "UITableView+Ext.swift"; sourceTree = "<group>"; };
		4E2A7A2424154EDF0025F39C /* Config.swift */ = {isa = PBXFileReference; lastKnownFileType = sourcecode.swift; path = Config.swift; sourceTree = "<group>"; };
/* End PBXFileReference section */

/* Begin PBXFrameworksBuildPhase section */
		4E09ABDC240D7FA70028229C /* Frameworks */ = {
			isa = PBXFrameworksBuildPhase;
			buildActionMask = 2147483647;
			files = (
				4E2A7A1524116B620025F39C /* KeychainSwift in Frameworks */,
				4E2A7A302416B23C0025F39C /* Nuke in Frameworks */,
			);
			runOnlyForDeploymentPostprocessing = 0;
		};
		4E09ABF5240D7FA90028229C /* Frameworks */ = {
			isa = PBXFrameworksBuildPhase;
			buildActionMask = 2147483647;
			files = (
			);
			runOnlyForDeploymentPostprocessing = 0;
		};
		4E09AC00240D7FA90028229C /* Frameworks */ = {
			isa = PBXFrameworksBuildPhase;
			buildActionMask = 2147483647;
			files = (
			);
			runOnlyForDeploymentPostprocessing = 0;
		};
/* End PBXFrameworksBuildPhase section */

/* Begin PBXGroup section */
		4E09ABD6240D7FA70028229C = {
			isa = PBXGroup;
			children = (
				4E09ABE1240D7FA70028229C /* Gittker */,
				4E09ABFB240D7FA90028229C /* GittkerTests */,
				4E09AC06240D7FA90028229C /* GittkerUITests */,
				4E09ABE0240D7FA70028229C /* Products */,
			);
			sourceTree = "<group>";
		};
		4E09ABE0240D7FA70028229C /* Products */ = {
			isa = PBXGroup;
			children = (
				4E09ABDF240D7FA70028229C /* Gittker.app */,
				4E09ABF8240D7FA90028229C /* GittkerTests.xctest */,
				4E09AC03240D7FA90028229C /* GittkerUITests.xctest */,
			);
			name = Products;
			sourceTree = "<group>";
		};
		4E09ABE1240D7FA70028229C /* Gittker */ = {
			isa = PBXGroup;
			children = (
				4E09AC4F240EB5100028229C /* Gittker.entitlements */,
				4E09ABE2240D7FA70028229C /* AppDelegate.swift */,
				4E09AC17240D81270028229C /* AppCoordinator.swift */,
				4E09AC15240D80F50028229C /* Features */,
				4E09AC19240D81770028229C /* Common */,
				4E09AC29240D8B0C0028229C /* CustomViews */,
				4E09AC1E240D82840028229C /* Utils */,
				4E09AC28240D85340028229C /* Resources */,
			);
			path = Gittker;
			sourceTree = "<group>";
		};
		4E09ABFB240D7FA90028229C /* GittkerTests */ = {
			isa = PBXGroup;
			children = (
				4E09ABFC240D7FA90028229C /* GittkerTests.swift */,
				4E09ABFE240D7FA90028229C /* Info.plist */,
			);
			path = GittkerTests;
			sourceTree = "<group>";
		};
		4E09AC06240D7FA90028229C /* GittkerUITests */ = {
			isa = PBXGroup;
			children = (
				4E09AC07240D7FA90028229C /* GittkerUITests.swift */,
				4E09AC09240D7FA90028229C /* Info.plist */,
			);
			path = GittkerUITests;
			sourceTree = "<group>";
		};
		4E09AC15240D80F50028229C /* Features */ = {
			isa = PBXGroup;
			children = (
				4E09AC55240EB6760028229C /* Communities */,
				4E09AC25240D83630028229C /* LoginAuth */,
				4E09AC53240EB6670028229C /* Search */,
				4E09AC54240EB66F0028229C /* People */,
				4E09AC2C240D8CA90028229C /* Home */,
			);
			path = Features;
			sourceTree = "<group>";
		};
		4E09AC19240D81770028229C /* Common */ = {
			isa = PBXGroup;
			children = (
				4E2A7A1C2413C96D0025F39C /* Cells */,
				4E09AC56240EE2C90028229C /* MainTabBar */,
				4E2A7A1724116C8E0025F39C /* Auth */,
				4E2A7A0A241153A50025F39C /* Logic */,
				4E09AC4A240EA67E0028229C /* Models */,
				4E09AC45240EA3090028229C /* Networking */,
				4E09AC42240E9BF10028229C /* Settings */,
				4E09AC1A240D81800028229C /* DynamicValue.swift */,
				4E09AC1C240D81920028229C /* Coordinator.swift */,
			);
			path = Common;
			sourceTree = "<group>";
		};
		4E09AC1E240D82840028229C /* Utils */ = {
			isa = PBXGroup;
			children = (
				4E2A7A2124154E700025F39C /* Extensions */,
				4E09AC2F240D90640028229C /* Logic */,
				4E09AC21240D82A30028229C /* Protocols */,
			);
			path = Utils;
			sourceTree = "<group>";
		};
		4E09AC21240D82A30028229C /* Protocols */ = {
			isa = PBXGroup;
			children = (
				4E09AC22240D82B30028229C /* Storyboarded.swift */,
			);
			path = Protocols;
			sourceTree = "<group>";
		};
		4E09AC25240D83630028229C /* LoginAuth */ = {
			isa = PBXGroup;
			children = (
				4E09AC74240FFF9D0028229C /* LoginAuthViewModel.swift */,
				4E09AC2D240D8CDE0028229C /* LoginWebViewController.swift */,
				4E09ABE6240D7FA70028229C /* LoginAuthViewController.swift */,
				4E09ABE8240D7FA70028229C /* LoginAuth.storyboard */,
				4E09AC26240D837D0028229C /* LoginAuthCoordinator.swift */,
			);
			path = LoginAuth;
			sourceTree = "<group>";
		};
		4E09AC28240D85340028229C /* Resources */ = {
			isa = PBXGroup;
			children = (
				4E09AC3E240E9B7C0028229C /* Secrets */,
				4E09ABEE240D7FA90028229C /* Assets.xcassets */,
				4E09ABF0240D7FA90028229C /* LaunchScreen.storyboard */,
				4E09ABF3240D7FA90028229C /* Info.plist */,
				4E09ABEB240D7FA70028229C /* Gittker.xcdatamodeld */,
			);
			path = Resources;
			sourceTree = "<group>";
		};
		4E09AC29240D8B0C0028229C /* CustomViews */ = {
			isa = PBXGroup;
			children = (
				4E09AC2A240D8B240028229C /* RoundButton.swift */,
			);
			path = CustomViews;
			sourceTree = "<group>";
		};
		4E09AC2C240D8CA90028229C /* Home */ = {
			isa = PBXGroup;
			children = (
				4E2A7A1124116A6F0025F39C /* HomeViewModel.swift */,
				4E09AC5B240EE6660028229C /* HomeViewController.swift */,
				4E09AC5D240EE66F0028229C /* HomeCoordinator.swift */,
				4E09AC5F240EE6760028229C /* Home.storyboard */,
			);
			path = Home;
			sourceTree = "<group>";
		};
		4E09AC2F240D90640028229C /* Logic */ = {
			isa = PBXGroup;
			children = (
				4E09AC30240D906F0028229C /* ClearCookies.swift */,
			);
			path = Logic;
			sourceTree = "<group>";
		};
		4E09AC3E240E9B7C0028229C /* Secrets */ = {
			isa = PBXGroup;
			children = (
				4E09AC3F240E9B8C0028229C /* GitterSecrets-Dev.plist */,
			);
			path = Secrets;
			sourceTree = "<group>";
		};
		4E09AC42240E9BF10028229C /* Settings */ = {
			isa = PBXGroup;
			children = (
				4E09AC43240E9C050028229C /* AppSettingsSecret.swift */,
				4E2A7A2424154EDF0025F39C /* Config.swift */,
			);
			path = Settings;
			sourceTree = "<group>";
		};
		4E09AC45240EA3090028229C /* Networking */ = {
			isa = PBXGroup;
			children = (
				4E09AC46240EA3560028229C /* GitterApi.swift */,
				4E09AC4D240EAADB0028229C /* HttpClient.swift */,
			);
			path = Networking;
			sourceTree = "<group>";
		};
		4E09AC4A240EA67E0028229C /* Models */ = {
			isa = PBXGroup;
			children = (
				4E09AC4B240EA68D0028229C /* NetModels.swift */,
			);
			path = Models;
			sourceTree = "<group>";
		};
		4E09AC53240EB6670028229C /* Search */ = {
			isa = PBXGroup;
			children = (
				4E09AC61240EE6820028229C /* SearchViewController.swift */,
				4E09AC63240EE68F0028229C /* SearchCoordinator.swift */,
				4E09AC65240EE6950028229C /* Search.storyboard */,
			);
			path = Search;
			sourceTree = "<group>";
		};
		4E09AC54240EB66F0028229C /* People */ = {
			isa = PBXGroup;
			children = (
				4E09AC67240EE69D0028229C /* PeopleViewController.swift */,
				4E09AC69240EE6AA0028229C /* PeopleCoordinator.swift */,
				4E09AC6B240EE6AF0028229C /* People.storyboard */,
			);
			path = People;
			sourceTree = "<group>";
		};
		4E09AC55240EB6760028229C /* Communities */ = {
			isa = PBXGroup;
			children = (
				4E09AC6D240EE6C60028229C /* CommunitiesViewController.swift */,
				4E09AC6F240EE6D10028229C /* CommunitiesCoordinator.swift */,
				4E09AC71240EE6DD0028229C /* Communities.storyboard */,
			);
			path = Communities;
			sourceTree = "<group>";
		};
		4E09AC56240EE2C90028229C /* MainTabBar */ = {
			isa = PBXGroup;
			children = (
				4E09AC57240EE5E60028229C /* MainTabBarController.swift */,
				4E09AC59240EE5FE0028229C /* MainTabBarCoordinator.swift */,
			);
			path = MainTabBar;
			sourceTree = "<group>";
		};
		4E2A7A0A241153A50025F39C /* Logic */ = {
			isa = PBXGroup;
			children = (
				4E2A7A0B241153BD0025F39C /* Rooms */,
			);
			path = Logic;
			sourceTree = "<group>";
		};
		4E2A7A0B241153BD0025F39C /* Rooms */ = {
			isa = PBXGroup;
			children = (
				4E2A7A0C241153C70025F39C /* RoomsLogic.swift */,
			);
			path = Rooms;
			sourceTree = "<group>";
		};
		4E2A7A1724116C8E0025F39C /* Auth */ = {
			isa = PBXGroup;
			children = (
				4E2A7A1824116C960025F39C /* LoginData.swift */,
				4E2A7A1A2411792C0025F39C /* KeychainSwiftWrapper.swift */,
			);
			path = Auth;
			sourceTree = "<group>";
		};
		4E2A7A1C2413C96D0025F39C /* Cells */ = {
			isa = PBXGroup;
			children = (
				4E2A7A1D24154D8D0025F39C /* TitleSubtitleTableViewCell.swift */,
				4E2A7A1E24154D8D0025F39C /* TitleSubtitleTableViewCell.xib */,
			);
			path = Cells;
			sourceTree = "<group>";
		};
		4E2A7A2124154E700025F39C /* Extensions */ = {
			isa = PBXGroup;
			children = (
				4E2A7A2224154E7E0025F39C /* UITableView+Ext.swift */,
			);
			path = Extensions;
			sourceTree = "<group>";
		};
/* End PBXGroup section */

/* Begin PBXNativeTarget section */
		4E09ABDE240D7FA70028229C /* Gittker */ = {
			isa = PBXNativeTarget;
			buildConfigurationList = 4E09AC0C240D7FA90028229C /* Build configuration list for PBXNativeTarget "Gittker" */;
			buildPhases = (
				4E09ABDB240D7FA70028229C /* Sources */,
				4E09ABDC240D7FA70028229C /* Frameworks */,
				4E09ABDD240D7FA70028229C /* Resources */,
			);
			buildRules = (
			);
			dependencies = (
			);
			name = Gittker;
			packageProductDependencies = (
				4E2A7A1424116B620025F39C /* KeychainSwift */,
				4E2A7A2F2416B23C0025F39C /* Nuke */,
			);
			productName = Gittker;
			productReference = 4E09ABDF240D7FA70028229C /* Gittker.app */;
			productType = "com.apple.product-type.application";
		};
		4E09ABF7240D7FA90028229C /* GittkerTests */ = {
			isa = PBXNativeTarget;
			buildConfigurationList = 4E09AC0F240D7FA90028229C /* Build configuration list for PBXNativeTarget "GittkerTests" */;
			buildPhases = (
				4E09ABF4240D7FA90028229C /* Sources */,
				4E09ABF5240D7FA90028229C /* Frameworks */,
				4E09ABF6240D7FA90028229C /* Resources */,
			);
			buildRules = (
			);
			dependencies = (
				4E09ABFA240D7FA90028229C /* PBXTargetDependency */,
			);
			name = GittkerTests;
			productName = GittkerTests;
			productReference = 4E09ABF8240D7FA90028229C /* GittkerTests.xctest */;
			productType = "com.apple.product-type.bundle.unit-test";
		};
		4E09AC02240D7FA90028229C /* GittkerUITests */ = {
			isa = PBXNativeTarget;
			buildConfigurationList = 4E09AC12240D7FA90028229C /* Build configuration list for PBXNativeTarget "GittkerUITests" */;
			buildPhases = (
				4E09ABFF240D7FA90028229C /* Sources */,
				4E09AC00240D7FA90028229C /* Frameworks */,
				4E09AC01240D7FA90028229C /* Resources */,
			);
			buildRules = (
			);
			dependencies = (
				4E09AC05240D7FA90028229C /* PBXTargetDependency */,
			);
			name = GittkerUITests;
			productName = GittkerUITests;
			productReference = 4E09AC03240D7FA90028229C /* GittkerUITests.xctest */;
			productType = "com.apple.product-type.bundle.ui-testing";
		};
/* End PBXNativeTarget section */

/* Begin PBXProject section */
		4E09ABD7240D7FA70028229C /* Project object */ = {
			isa = PBXProject;
			attributes = {
				LastSwiftUpdateCheck = 1130;
				LastUpgradeCheck = 1130;
				ORGANIZATIONNAME = "Anton Kuzmin";
				TargetAttributes = {
					4E09ABDE240D7FA70028229C = {
						CreatedOnToolsVersion = 11.3.1;
					};
					4E09ABF7240D7FA90028229C = {
						CreatedOnToolsVersion = 11.3.1;
						TestTargetID = 4E09ABDE240D7FA70028229C;
					};
					4E09AC02240D7FA90028229C = {
						CreatedOnToolsVersion = 11.3.1;
						TestTargetID = 4E09ABDE240D7FA70028229C;
					};
				};
			};
			buildConfigurationList = 4E09ABDA240D7FA70028229C /* Build configuration list for PBXProject "Gittker" */;
			compatibilityVersion = "Xcode 9.3";
			developmentRegion = en;
			hasScannedForEncodings = 0;
			knownRegions = (
				en,
				Base,
			);
			mainGroup = 4E09ABD6240D7FA70028229C;
			packageReferences = (
				4E2A7A1324116B620025F39C /* XCRemoteSwiftPackageReference "keychain-swift" */,
				4E2A7A2E2416B23C0025F39C /* XCRemoteSwiftPackageReference "Nuke" */,
			);
			productRefGroup = 4E09ABE0240D7FA70028229C /* Products */;
			projectDirPath = "";
			projectRoot = "";
			targets = (
				4E09ABDE240D7FA70028229C /* Gittker */,
				4E09ABF7240D7FA90028229C /* GittkerTests */,
				4E09AC02240D7FA90028229C /* GittkerUITests */,
			);
		};
/* End PBXProject section */

/* Begin PBXResourcesBuildPhase section */
		4E09ABDD240D7FA70028229C /* Resources */ = {
			isa = PBXResourcesBuildPhase;
			buildActionMask = 2147483647;
			files = (
				4E09ABF2240D7FA90028229C /* LaunchScreen.storyboard in Resources */,
				4E09AC6C240EE6AF0028229C /* People.storyboard in Resources */,
				4E09AC72240EE6DD0028229C /* Communities.storyboard in Resources */,
				4E09AC60240EE6760028229C /* Home.storyboard in Resources */,
				4E2A7A2024154D8D0025F39C /* TitleSubtitleTableViewCell.xib in Resources */,
				4E09AC40240E9B8C0028229C /* GitterSecrets-Dev.plist in Resources */,
				4E09ABEF240D7FA90028229C /* Assets.xcassets in Resources */,
				4E09AC66240EE6950028229C /* Search.storyboard in Resources */,
				4E09ABEA240D7FA70028229C /* LoginAuth.storyboard in Resources */,
			);
			runOnlyForDeploymentPostprocessing = 0;
		};
		4E09ABF6240D7FA90028229C /* Resources */ = {
			isa = PBXResourcesBuildPhase;
			buildActionMask = 2147483647;
			files = (
			);
			runOnlyForDeploymentPostprocessing = 0;
		};
		4E09AC01240D7FA90028229C /* Resources */ = {
			isa = PBXResourcesBuildPhase;
			buildActionMask = 2147483647;
			files = (
			);
			runOnlyForDeploymentPostprocessing = 0;
		};
/* End PBXResourcesBuildPhase section */

/* Begin PBXSourcesBuildPhase section */
		4E09ABDB240D7FA70028229C /* Sources */ = {
			isa = PBXSourcesBuildPhase;
			buildActionMask = 2147483647;
			files = (
				4E09AC2B240D8B240028229C /* RoundButton.swift in Sources */,
				4E09AC4C240EA68D0028229C /* NetModels.swift in Sources */,
				4E09AC75240FFF9D0028229C /* LoginAuthViewModel.swift in Sources */,
				4E09AC2E240D8CDE0028229C /* LoginWebViewController.swift in Sources */,
				4E09AC68240EE69D0028229C /* PeopleViewController.swift in Sources */,
				4E2A7A1F24154D8D0025F39C /* TitleSubtitleTableViewCell.swift in Sources */,
				4E09AC18240D81270028229C /* AppCoordinator.swift in Sources */,
				4E09ABE7240D7FA70028229C /* LoginAuthViewController.swift in Sources */,
				4E09AC5C240EE6660028229C /* HomeViewController.swift in Sources */,
				4E09AC31240D906F0028229C /* ClearCookies.swift in Sources */,
				4E09AC1D240D81920028229C /* Coordinator.swift in Sources */,
				4E09AC44240E9C050028229C /* AppSettingsSecret.swift in Sources */,
				4E09AC1B240D81800028229C /* DynamicValue.swift in Sources */,
				4E2A7A2324154E7E0025F39C /* UITableView+Ext.swift in Sources */,
				4E09AC70240EE6D10028229C /* CommunitiesCoordinator.swift in Sources */,
				4E2A7A1924116C960025F39C /* LoginData.swift in Sources */,
				4E09AC62240EE6820028229C /* SearchViewController.swift in Sources */,
				4E2A7A1B2411792C0025F39C /* KeychainSwiftWrapper.swift in Sources */,
				4E09AC27240D837D0028229C /* LoginAuthCoordinator.swift in Sources */,
				4E09AC58240EE5E60028229C /* MainTabBarController.swift in Sources */,
				4E2A7A0D241153C70025F39C /* RoomsLogic.swift in Sources */,
				4E09AC64240EE68F0028229C /* SearchCoordinator.swift in Sources */,
				4E09AC5A240EE5FE0028229C /* MainTabBarCoordinator.swift in Sources */,
				4E09AC4E240EAADB0028229C /* HttpClient.swift in Sources */,
				4E09ABE3240D7FA70028229C /* AppDelegate.swift in Sources */,
				4E09AC47240EA3560028229C /* GitterApi.swift in Sources */,
				4E2A7A2524154EDF0025F39C /* Config.swift in Sources */,
				4E09ABED240D7FA70028229C /* Gittker.xcdatamodeld in Sources */,
				4E2A7A1224116A6F0025F39C /* HomeViewModel.swift in Sources */,
				4E09AC23240D82B30028229C /* Storyboarded.swift in Sources */,
				4E09AC5E240EE66F0028229C /* HomeCoordinator.swift in Sources */,
				4E09AC6E240EE6C60028229C /* CommunitiesViewController.swift in Sources */,
				4E09AC6A240EE6AA0028229C /* PeopleCoordinator.swift in Sources */,
			);
			runOnlyForDeploymentPostprocessing = 0;
		};
		4E09ABF4240D7FA90028229C /* Sources */ = {
			isa = PBXSourcesBuildPhase;
			buildActionMask = 2147483647;
			files = (
				4E09ABFD240D7FA90028229C /* GittkerTests.swift in Sources */,
			);
			runOnlyForDeploymentPostprocessing = 0;
		};
		4E09ABFF240D7FA90028229C /* Sources */ = {
			isa = PBXSourcesBuildPhase;
			buildActionMask = 2147483647;
			files = (
				4E09AC08240D7FA90028229C /* GittkerUITests.swift in Sources */,
			);
			runOnlyForDeploymentPostprocessing = 0;
		};
/* End PBXSourcesBuildPhase section */

/* Begin PBXTargetDependency section */
		4E09ABFA240D7FA90028229C /* PBXTargetDependency */ = {
			isa = PBXTargetDependency;
			target = 4E09ABDE240D7FA70028229C /* Gittker */;
			targetProxy = 4E09ABF9240D7FA90028229C /* PBXContainerItemProxy */;
		};
		4E09AC05240D7FA90028229C /* PBXTargetDependency */ = {
			isa = PBXTargetDependency;
			target = 4E09ABDE240D7FA70028229C /* Gittker */;
			targetProxy = 4E09AC04240D7FA90028229C /* PBXContainerItemProxy */;
		};
/* End PBXTargetDependency section */

/* Begin PBXVariantGroup section */
		4E09ABE8240D7FA70028229C /* LoginAuth.storyboard */ = {
			isa = PBXVariantGroup;
			children = (
				4E09ABE9240D7FA70028229C /* Base */,
			);
			name = LoginAuth.storyboard;
			sourceTree = "<group>";
		};
		4E09ABF0240D7FA90028229C /* LaunchScreen.storyboard */ = {
			isa = PBXVariantGroup;
			children = (
				4E09ABF1240D7FA90028229C /* Base */,
			);
			name = LaunchScreen.storyboard;
			sourceTree = "<group>";
		};
/* End PBXVariantGroup section */

/* Begin XCBuildConfiguration section */
		4E09AC0A240D7FA90028229C /* Debug */ = {
			isa = XCBuildConfiguration;
			buildSettings = {
				ALWAYS_SEARCH_USER_PATHS = NO;
				CLANG_ANALYZER_NONNULL = YES;
				CLANG_ANALYZER_NUMBER_OBJECT_CONVERSION = YES_AGGRESSIVE;
				CLANG_CXX_LANGUAGE_STANDARD = "gnu++14";
				CLANG_CXX_LIBRARY = "libc++";
				CLANG_ENABLE_MODULES = YES;
				CLANG_ENABLE_OBJC_ARC = YES;
				CLANG_ENABLE_OBJC_WEAK = YES;
				CLANG_WARN_BLOCK_CAPTURE_AUTORELEASING = YES;
				CLANG_WARN_BOOL_CONVERSION = YES;
				CLANG_WARN_COMMA = YES;
				CLANG_WARN_CONSTANT_CONVERSION = YES;
				CLANG_WARN_DEPRECATED_OBJC_IMPLEMENTATIONS = YES;
				CLANG_WARN_DIRECT_OBJC_ISA_USAGE = YES_ERROR;
				CLANG_WARN_DOCUMENTATION_COMMENTS = YES;
				CLANG_WARN_EMPTY_BODY = YES;
				CLANG_WARN_ENUM_CONVERSION = YES;
				CLANG_WARN_INFINITE_RECURSION = YES;
				CLANG_WARN_INT_CONVERSION = YES;
				CLANG_WARN_NON_LITERAL_NULL_CONVERSION = YES;
				CLANG_WARN_OBJC_IMPLICIT_RETAIN_SELF = YES;
				CLANG_WARN_OBJC_LITERAL_CONVERSION = YES;
				CLANG_WARN_OBJC_ROOT_CLASS = YES_ERROR;
				CLANG_WARN_RANGE_LOOP_ANALYSIS = YES;
				CLANG_WARN_STRICT_PROTOTYPES = YES;
				CLANG_WARN_SUSPICIOUS_MOVE = YES;
				CLANG_WARN_UNGUARDED_AVAILABILITY = YES_AGGRESSIVE;
				CLANG_WARN_UNREACHABLE_CODE = YES;
				CLANG_WARN__DUPLICATE_METHOD_MATCH = YES;
				COPY_PHASE_STRIP = NO;
				DEBUG_INFORMATION_FORMAT = dwarf;
				ENABLE_STRICT_OBJC_MSGSEND = YES;
				ENABLE_TESTABILITY = YES;
				GCC_C_LANGUAGE_STANDARD = gnu11;
				GCC_DYNAMIC_NO_PIC = NO;
				GCC_NO_COMMON_BLOCKS = YES;
				GCC_OPTIMIZATION_LEVEL = 0;
				GCC_PREPROCESSOR_DEFINITIONS = (
					"DEBUG=1",
					"$(inherited)",
				);
				GCC_WARN_64_TO_32_BIT_CONVERSION = YES;
				GCC_WARN_ABOUT_RETURN_TYPE = YES_ERROR;
				GCC_WARN_UNDECLARED_SELECTOR = YES;
				GCC_WARN_UNINITIALIZED_AUTOS = YES_AGGRESSIVE;
				GCC_WARN_UNUSED_FUNCTION = YES;
				GCC_WARN_UNUSED_VARIABLE = YES;
				IPHONEOS_DEPLOYMENT_TARGET = 13.2;
				MTL_ENABLE_DEBUG_INFO = INCLUDE_SOURCE;
				MTL_FAST_MATH = YES;
				ONLY_ACTIVE_ARCH = YES;
				SDKROOT = iphoneos;
				SWIFT_ACTIVE_COMPILATION_CONDITIONS = DEBUG;
				SWIFT_OPTIMIZATION_LEVEL = "-Onone";
			};
			name = Debug;
		};
		4E09AC0B240D7FA90028229C /* Release */ = {
			isa = XCBuildConfiguration;
			buildSettings = {
				ALWAYS_SEARCH_USER_PATHS = NO;
				CLANG_ANALYZER_NONNULL = YES;
				CLANG_ANALYZER_NUMBER_OBJECT_CONVERSION = YES_AGGRESSIVE;
				CLANG_CXX_LANGUAGE_STANDARD = "gnu++14";
				CLANG_CXX_LIBRARY = "libc++";
				CLANG_ENABLE_MODULES = YES;
				CLANG_ENABLE_OBJC_ARC = YES;
				CLANG_ENABLE_OBJC_WEAK = YES;
				CLANG_WARN_BLOCK_CAPTURE_AUTORELEASING = YES;
				CLANG_WARN_BOOL_CONVERSION = YES;
				CLANG_WARN_COMMA = YES;
				CLANG_WARN_CONSTANT_CONVERSION = YES;
				CLANG_WARN_DEPRECATED_OBJC_IMPLEMENTATIONS = YES;
				CLANG_WARN_DIRECT_OBJC_ISA_USAGE = YES_ERROR;
				CLANG_WARN_DOCUMENTATION_COMMENTS = YES;
				CLANG_WARN_EMPTY_BODY = YES;
				CLANG_WARN_ENUM_CONVERSION = YES;
				CLANG_WARN_INFINITE_RECURSION = YES;
				CLANG_WARN_INT_CONVERSION = YES;
				CLANG_WARN_NON_LITERAL_NULL_CONVERSION = YES;
				CLANG_WARN_OBJC_IMPLICIT_RETAIN_SELF = YES;
				CLANG_WARN_OBJC_LITERAL_CONVERSION = YES;
				CLANG_WARN_OBJC_ROOT_CLASS = YES_ERROR;
				CLANG_WARN_RANGE_LOOP_ANALYSIS = YES;
				CLANG_WARN_STRICT_PROTOTYPES = YES;
				CLANG_WARN_SUSPICIOUS_MOVE = YES;
				CLANG_WARN_UNGUARDED_AVAILABILITY = YES_AGGRESSIVE;
				CLANG_WARN_UNREACHABLE_CODE = YES;
				CLANG_WARN__DUPLICATE_METHOD_MATCH = YES;
				COPY_PHASE_STRIP = NO;
				DEBUG_INFORMATION_FORMAT = "dwarf-with-dsym";
				ENABLE_NS_ASSERTIONS = NO;
				ENABLE_STRICT_OBJC_MSGSEND = YES;
				GCC_C_LANGUAGE_STANDARD = gnu11;
				GCC_NO_COMMON_BLOCKS = YES;
				GCC_WARN_64_TO_32_BIT_CONVERSION = YES;
				GCC_WARN_ABOUT_RETURN_TYPE = YES_ERROR;
				GCC_WARN_UNDECLARED_SELECTOR = YES;
				GCC_WARN_UNINITIALIZED_AUTOS = YES_AGGRESSIVE;
				GCC_WARN_UNUSED_FUNCTION = YES;
				GCC_WARN_UNUSED_VARIABLE = YES;
				IPHONEOS_DEPLOYMENT_TARGET = 13.2;
				MTL_ENABLE_DEBUG_INFO = NO;
				MTL_FAST_MATH = YES;
				SDKROOT = iphoneos;
				SWIFT_COMPILATION_MODE = wholemodule;
				SWIFT_OPTIMIZATION_LEVEL = "-O";
				VALIDATE_PRODUCT = YES;
			};
			name = Release;
		};
		4E09AC0D240D7FA90028229C /* Debug */ = {
			isa = XCBuildConfiguration;
			buildSettings = {
				ASSETCATALOG_COMPILER_APPICON_NAME = AppIcon;
				CODE_SIGN_ENTITLEMENTS = Gittker/Gittker.entitlements;
				CODE_SIGN_STYLE = Automatic;
				DEVELOPMENT_TEAM = 75BBTA9VPU;
				INFOPLIST_FILE = Gittker/Resources/Info.plist;
				IPHONEOS_DEPLOYMENT_TARGET = 13.0;
				LD_RUNPATH_SEARCH_PATHS = (
					"$(inherited)",
					"@executable_path/Frameworks",
				);
				PRODUCT_BUNDLE_IDENTIFIER = com.uuttff8.Gittker;
				PRODUCT_NAME = "$(TARGET_NAME)";
				SWIFT_VERSION = 5.0;
				TARGETED_DEVICE_FAMILY = "1,2";
			};
			name = Debug;
		};
		4E09AC0E240D7FA90028229C /* Release */ = {
			isa = XCBuildConfiguration;
			buildSettings = {
				ASSETCATALOG_COMPILER_APPICON_NAME = AppIcon;
				CODE_SIGN_ENTITLEMENTS = Gittker/Gittker.entitlements;
				CODE_SIGN_STYLE = Automatic;
				DEVELOPMENT_TEAM = 75BBTA9VPU;
				INFOPLIST_FILE = Gittker/Resources/Info.plist;
				IPHONEOS_DEPLOYMENT_TARGET = 13.0;
				LD_RUNPATH_SEARCH_PATHS = (
					"$(inherited)",
					"@executable_path/Frameworks",
				);
				PRODUCT_BUNDLE_IDENTIFIER = com.uuttff8.Gittker;
				PRODUCT_NAME = "$(TARGET_NAME)";
				SWIFT_VERSION = 5.0;
				TARGETED_DEVICE_FAMILY = "1,2";
			};
			name = Release;
		};
		4E09AC10240D7FA90028229C /* Debug */ = {
			isa = XCBuildConfiguration;
			buildSettings = {
				ALWAYS_EMBED_SWIFT_STANDARD_LIBRARIES = YES;
				BUNDLE_LOADER = "$(TEST_HOST)";
				CODE_SIGN_STYLE = Automatic;
				DEVELOPMENT_TEAM = 75BBTA9VPU;
				INFOPLIST_FILE = GittkerTests/Info.plist;
				IPHONEOS_DEPLOYMENT_TARGET = 13.2;
				LD_RUNPATH_SEARCH_PATHS = (
					"$(inherited)",
					"@executable_path/Frameworks",
					"@loader_path/Frameworks",
				);
				PRODUCT_BUNDLE_IDENTIFIER = com.uuttff8.GittkerTests;
				PRODUCT_NAME = "$(TARGET_NAME)";
				SWIFT_VERSION = 5.0;
				TARGETED_DEVICE_FAMILY = "1,2";
				TEST_HOST = "$(BUILT_PRODUCTS_DIR)/Gittker.app/Gittker";
			};
			name = Debug;
		};
		4E09AC11240D7FA90028229C /* Release */ = {
			isa = XCBuildConfiguration;
			buildSettings = {
				ALWAYS_EMBED_SWIFT_STANDARD_LIBRARIES = YES;
				BUNDLE_LOADER = "$(TEST_HOST)";
				CODE_SIGN_STYLE = Automatic;
				DEVELOPMENT_TEAM = 75BBTA9VPU;
				INFOPLIST_FILE = GittkerTests/Info.plist;
				IPHONEOS_DEPLOYMENT_TARGET = 13.2;
				LD_RUNPATH_SEARCH_PATHS = (
					"$(inherited)",
					"@executable_path/Frameworks",
					"@loader_path/Frameworks",
				);
				PRODUCT_BUNDLE_IDENTIFIER = com.uuttff8.GittkerTests;
				PRODUCT_NAME = "$(TARGET_NAME)";
				SWIFT_VERSION = 5.0;
				TARGETED_DEVICE_FAMILY = "1,2";
				TEST_HOST = "$(BUILT_PRODUCTS_DIR)/Gittker.app/Gittker";
			};
			name = Release;
		};
		4E09AC13240D7FA90028229C /* Debug */ = {
			isa = XCBuildConfiguration;
			buildSettings = {
				ALWAYS_EMBED_SWIFT_STANDARD_LIBRARIES = YES;
				CODE_SIGN_STYLE = Automatic;
				DEVELOPMENT_TEAM = 75BBTA9VPU;
				INFOPLIST_FILE = GittkerUITests/Info.plist;
				LD_RUNPATH_SEARCH_PATHS = (
					"$(inherited)",
					"@executable_path/Frameworks",
					"@loader_path/Frameworks",
				);
				PRODUCT_BUNDLE_IDENTIFIER = com.uuttff8.GittkerUITests;
				PRODUCT_NAME = "$(TARGET_NAME)";
				SWIFT_VERSION = 5.0;
				TARGETED_DEVICE_FAMILY = "1,2";
				TEST_TARGET_NAME = Gittker;
			};
			name = Debug;
		};
		4E09AC14240D7FA90028229C /* Release */ = {
			isa = XCBuildConfiguration;
			buildSettings = {
				ALWAYS_EMBED_SWIFT_STANDARD_LIBRARIES = YES;
				CODE_SIGN_STYLE = Automatic;
				DEVELOPMENT_TEAM = 75BBTA9VPU;
				INFOPLIST_FILE = GittkerUITests/Info.plist;
				LD_RUNPATH_SEARCH_PATHS = (
					"$(inherited)",
					"@executable_path/Frameworks",
					"@loader_path/Frameworks",
				);
				PRODUCT_BUNDLE_IDENTIFIER = com.uuttff8.GittkerUITests;
				PRODUCT_NAME = "$(TARGET_NAME)";
				SWIFT_VERSION = 5.0;
				TARGETED_DEVICE_FAMILY = "1,2";
				TEST_TARGET_NAME = Gittker;
			};
			name = Release;
		};
/* End XCBuildConfiguration section */

/* Begin XCConfigurationList section */
		4E09ABDA240D7FA70028229C /* Build configuration list for PBXProject "Gittker" */ = {
			isa = XCConfigurationList;
			buildConfigurations = (
				4E09AC0A240D7FA90028229C /* Debug */,
				4E09AC0B240D7FA90028229C /* Release */,
			);
			defaultConfigurationIsVisible = 0;
			defaultConfigurationName = Release;
		};
		4E09AC0C240D7FA90028229C /* Build configuration list for PBXNativeTarget "Gittker" */ = {
			isa = XCConfigurationList;
			buildConfigurations = (
				4E09AC0D240D7FA90028229C /* Debug */,
				4E09AC0E240D7FA90028229C /* Release */,
			);
			defaultConfigurationIsVisible = 0;
			defaultConfigurationName = Release;
		};
		4E09AC0F240D7FA90028229C /* Build configuration list for PBXNativeTarget "GittkerTests" */ = {
			isa = XCConfigurationList;
			buildConfigurations = (
				4E09AC10240D7FA90028229C /* Debug */,
				4E09AC11240D7FA90028229C /* Release */,
			);
			defaultConfigurationIsVisible = 0;
			defaultConfigurationName = Release;
		};
		4E09AC12240D7FA90028229C /* Build configuration list for PBXNativeTarget "GittkerUITests" */ = {
			isa = XCConfigurationList;
			buildConfigurations = (
				4E09AC13240D7FA90028229C /* Debug */,
				4E09AC14240D7FA90028229C /* Release */,
			);
			defaultConfigurationIsVisible = 0;
			defaultConfigurationName = Release;
		};
/* End XCConfigurationList section */

/* Begin XCRemoteSwiftPackageReference section */
		4E2A7A1324116B620025F39C /* XCRemoteSwiftPackageReference "keychain-swift" */ = {
			isa = XCRemoteSwiftPackageReference;
			repositoryURL = "https://github.com/evgenyneu/keychain-swift.git";
			requirement = {
				kind = upToNextMajorVersion;
				minimumVersion = 19.0.0;
			};
		};
		4E2A7A2E2416B23C0025F39C /* XCRemoteSwiftPackageReference "Nuke" */ = {
			isa = XCRemoteSwiftPackageReference;
			repositoryURL = "https://github.com/kean/Nuke.git";
			requirement = {
				kind = upToNextMajorVersion;
				minimumVersion = 8.4.0;
			};
		};
/* End XCRemoteSwiftPackageReference section */

/* Begin XCSwiftPackageProductDependency section */
		4E2A7A1424116B620025F39C /* KeychainSwift */ = {
			isa = XCSwiftPackageProductDependency;
			package = 4E2A7A1324116B620025F39C /* XCRemoteSwiftPackageReference "keychain-swift" */;
			productName = KeychainSwift;
		};
		4E2A7A2F2416B23C0025F39C /* Nuke */ = {
			isa = XCSwiftPackageProductDependency;
			package = 4E2A7A2E2416B23C0025F39C /* XCRemoteSwiftPackageReference "Nuke" */;
			productName = Nuke;
		};
/* End XCSwiftPackageProductDependency section */

/* Begin XCVersionGroup section */
		4E09ABEB240D7FA70028229C /* Gittker.xcdatamodeld */ = {
			isa = XCVersionGroup;
			children = (
				4E09ABEC240D7FA70028229C /* Gittker.xcdatamodel */,
			);
			currentVersion = 4E09ABEC240D7FA70028229C /* Gittker.xcdatamodel */;
			path = Gittker.xcdatamodeld;
			sourceTree = "<group>";
			versionGroupType = wrapper.xcdatamodel;
		};
/* End XCVersionGroup section */
	};
	rootObject = 4E09ABD7240D7FA70028229C /* Project object */;
}
