{
  "object": {
    "pins": [
      {
        "package": "KeychainSwift",
        "repositoryURL": "https://github.com/evgenyneu/keychain-swift.git",
        "state": {
          "branch": null,
          "revision": "96fb84f45a96630e7583903bd7e08cf095c7a7ef",
          "version": "19.0.0"
        }
      },
      {
        "package": "Nuke",
        "repositoryURL": "https://github.com/kean/Nuke.git",
        "state": {
          "branch": null,
          "revision": "051fb936fbc0176655acb1085b15be477f3d5015",
          "version": "8.4.0"
        }
      },
      {
        "package": "SwiftyMarkdown",
        "repositoryURL": "https://github.com/SimonFairbairn/SwiftyMarkdown.git",
        "state": {
          "branch": null,
          "revision": "abc07687018f55e01cbbaa3eef04da4e9975b7f3",
          "version": "1.2.0"
        }
      }
    ]
  },
  "version": 1
}
